
Microsoft Visual Studio Solution File, Format Version 12.00
# Visual Studio Version 16
VisualStudioVersion = 16.0.31911.196
MinimumVisualStudioVersion = 10.0.40219.1
Project("{9A19103F-16F7-4668-BE54-9A1E7A4F7556}") = "WebsterWebApp", "WebsterWebApp.csproj", "{DDD43295-1CE7-42E9-ACE7-6EE2D74BC416}"
EndProject
Global
	GlobalSection(SolutionConfigurationPlatforms) = preSolution
		Debug|Any CPU = Debug|Any CPU
		Release|Any CPU = Release|Any CPU
	EndGlobalSection
	GlobalSection(ProjectConfigurationPlatforms) = postSolution
		{DDD43295-1CE7-42E9-ACE7-6EE2D74BC416}.Debug|Any CPU.ActiveCfg = Debug|Any CPU
		{DDD43295-1CE7-42E9-ACE7-6EE2D74BC416}.Debug|Any CPU.Build.0 = Debug|Any CPU
		{DDD43295-1CE7-42E9-ACE7-6EE2D74BC416}.Release|Any CPU.ActiveCfg = Release|Any CPU
		{DDD43295-1CE7-42E9-ACE7-6EE2D74BC416}.Release|Any CPU.Build.0 = Release|Any CPU
	EndGlobalSection
	GlobalSection(SolutionProperties) = preSolution
		HideSolutionNode = FALSE
	EndGlobalSection
	GlobalSection(ExtensibilityGlobals) = postSolution
		SolutionGuid = {DB9C0D96-7FEF-4CD1-951B-8A8CDA1D97C0}
	EndGlobalSection
EndGlobal
